
Microsoft Visual Studio Solution File, Format Version 12.00
# Visual Studio Version 16
VisualStudioVersion = 16.0.29215.179
MinimumVisualStudioVersion = 10.0.40219.1
Project("{FAE04EC0-301F-11D3-BF4B-00C04F79EFBC}") = "Collection", "Collection\Collection.csproj", "{246AA75B-3B5C-4A4F-A228-E06184438779}"
EndProject
Global
	GlobalSection(SolutionConfigurationPlatforms) = preSolution
		Debug|Any CPU = Debug|Any CPU
		Release|Any CPU = Release|Any CPU
	EndGlobalSection
	GlobalSection(ProjectConfigurationPlatforms) = postSolution
		{246AA75B-3B5C-4A4F-A228-E06184438779}.Debug|Any CPU.ActiveCfg = Debug|Any CPU
		{246AA75B-3B5C-4A4F-A228-E06184438779}.Debug|Any CPU.Build.0 = Debug|Any CPU
		{246AA75B-3B5C-4A4F-A228-E06184438779}.Release|Any CPU.ActiveCfg = Release|Any CPU
		{246AA75B-3B5C-4A4F-A228-E06184438779}.Release|Any CPU.Build.0 = Release|Any CPU
	EndGlobalSection
	GlobalSection(SolutionProperties) = preSolution
		HideSolutionNode = FALSE
	EndGlobalSection
	GlobalSection(ExtensibilityGlobals) = postSolution
		SolutionGuid = {CAEB2646-F206-4103-8F9B-24BDA53B8F49}
	EndGlobalSection
EndGlobal
