
Microsoft Visual Studio Solution File, Format Version 12.00
# Visual Studio Version 16
VisualStudioVersion = 16.0.29201.188
MinimumVisualStudioVersion = 10.0.40219.1
Project("{FAE04EC0-301F-11D3-BF4B-00C04F79EFBC}") = "Basic", "Basic\Basic.csproj", "{88DCAFF2-8A68-423A-B446-7836050D6C11}"
EndProject
Global
	GlobalSection(SolutionConfigurationPlatforms) = preSolution
		Debug|Any CPU = Debug|Any CPU
		Release|Any CPU = Release|Any CPU
	EndGlobalSection
	GlobalSection(ProjectConfigurationPlatforms) = postSolution
		{88DCAFF2-8A68-423A-B446-7836050D6C11}.Debug|Any CPU.ActiveCfg = Debug|Any CPU
		{88DCAFF2-8A68-423A-B446-7836050D6C11}.Debug|Any CPU.Build.0 = Debug|Any CPU
		{88DCAFF2-8A68-423A-B446-7836050D6C11}.Release|Any CPU.ActiveCfg = Release|Any CPU
		{88DCAFF2-8A68-423A-B446-7836050D6C11}.Release|Any CPU.Build.0 = Release|Any CPU
	EndGlobalSection
	GlobalSection(SolutionProperties) = preSolution
		HideSolutionNode = FALSE
	EndGlobalSection
	GlobalSection(ExtensibilityGlobals) = postSolution
		SolutionGuid = {8E09040B-7F50-49CE-9C9A-07019B6BBC1E}
	EndGlobalSection
EndGlobal
