
Microsoft Visual Studio Solution File, Format Version 12.00
# Visual Studio Version 16
VisualStudioVersion = 16.0.29215.179
MinimumVisualStudioVersion = 10.0.40219.1
Project("{FAE04EC0-301F-11D3-BF4B-00C04F79EFBC}") = "ThuatToanSapXep", "ThuatToanSapXep\ThuatToanSapXep.csproj", "{EF1D6DFD-B3FD-4525-A1B0-1DF63BCA166F}"
EndProject
Global
	GlobalSection(SolutionConfigurationPlatforms) = preSolution
		Debug|Any CPU = Debug|Any CPU
		Release|Any CPU = Release|Any CPU
	EndGlobalSection
	GlobalSection(ProjectConfigurationPlatforms) = postSolution
		{EF1D6DFD-B3FD-4525-A1B0-1DF63BCA166F}.Debug|Any CPU.ActiveCfg = Debug|Any CPU
		{EF1D6DFD-B3FD-4525-A1B0-1DF63BCA166F}.Debug|Any CPU.Build.0 = Debug|Any CPU
		{EF1D6DFD-B3FD-4525-A1B0-1DF63BCA166F}.Release|Any CPU.ActiveCfg = Release|Any CPU
		{EF1D6DFD-B3FD-4525-A1B0-1DF63BCA166F}.Release|Any CPU.Build.0 = Release|Any CPU
	EndGlobalSection
	GlobalSection(SolutionProperties) = preSolution
		HideSolutionNode = FALSE
	EndGlobalSection
	GlobalSection(ExtensibilityGlobals) = postSolution
		SolutionGuid = {CA45F6DE-A00D-452D-89CE-7EEF8A7C3863}
	EndGlobalSection
EndGlobal
